{
  "name": "fontiger",
  "version": "1.0.1",
  "lockfileVersion": 2,
  "requires": true,
  "packages": {
    "": {
      "name": "fontiger",
      "version": "1.0.1",
      "devDependencies": {
        "@figma/plugin-typings": "^1.19.0"
      }
    },
    "node_modules/@figma/plugin-typings": {
      "version": "1.42.1",
      "resolved": "https://registry.npmjs.org/@figma/plugin-typings/-/plugin-typings-1.42.1.tgz",
      "integrity": "sha512-TQy81xtgcNWhu2uSiOZIxzGOC8Y/9rcP04GLp2f5MGg/LOH5BPNIkc8mRYPqInwcgQTnvxDpirr8MpYQPYRwDQ==",
      "dev": true
    }
  },
  "dependencies": {
    "@figma/plugin-typings": {
      "version": "1.42.1",
      "resolved": "https://registry.npmjs.org/@figma/plugin-typings/-/plugin-typings-1.42.1.tgz",
      "integrity": "sha512-TQy81xtgcNWhu2uSiOZIxzGOC8Y/9rcP04GLp2f5MGg/LOH5BPNIkc8mRYPqInwcgQTnvxDpirr8MpYQPYRwDQ==",
      "dev": true
    }
  }
}
